// !$*UTF8*$!
{
	archiveVersion = 1;
	classes = {
	};
	objectVersion = 51;
	objects = {

/* Begin PBXBuildFile section */
		502872F8519633B4F4463A0A /* Pods_4all.framework in Frameworks */ = {isa = PBXBuildFile; fileRef = 2D6D069E08093420384317D5 /* Pods_4all.framework */; };
		5822364822E65CFA007F3F5B /* AppDelegate.swift in Sources */ = {isa = PBXBuildFile; fileRef = 5822364722E65CFA007F3F5B /* AppDelegate.swift */; };
		5822364F22E65CFD007F3F5B /* Assets.xcassets in Resources */ = {isa = PBXBuildFile; fileRef = 5822364E22E65CFD007F3F5B /* Assets.xcassets */; };
		5822365222E65CFD007F3F5B /* LaunchScreen.storyboard in Resources */ = {isa = PBXBuildFile; fileRef = 5822365022E65CFD007F3F5B /* LaunchScreen.storyboard */; };
		582C06AE22E8801C0027E098 /* NavigationItem+Extension.swift in Sources */ = {isa = PBXBuildFile; fileRef = 582C06AD22E8801C0027E098 /* NavigationItem+Extension.swift */; };
		582C06B022E880740027E098 /* MKMapView+Extension.swift in Sources */ = {isa = PBXBuildFile; fileRef = 582C06AF22E880740027E098 /* MKMapView+Extension.swift */; };
		58CB2CF722E7B45B0064B95D /* Home.storyboard in Resources */ = {isa = PBXBuildFile; fileRef = 58CB2CF622E7B45B0064B95D /* Home.storyboard */; };
		58CB2CFA22E7B4B40064B95D /* HomeController.swift in Sources */ = {isa = PBXBuildFile; fileRef = 58CB2CF922E7B4B40064B95D /* HomeController.swift */; };
		58CB2D0422E7B8DA0064B95D /* LoadingViewOverlay.xib in Resources */ = {isa = PBXBuildFile; fileRef = 58CB2D0222E7B8DA0064B95D /* LoadingViewOverlay.xib */; };
		58CB2D0522E7B8DA0064B95D /* LoadingViewOverlay.swift in Sources */ = {isa = PBXBuildFile; fileRef = 58CB2D0322E7B8DA0064B95D /* LoadingViewOverlay.swift */; };
		58CB2D0822E7B95B0064B95D /* UIView+Extension.swift in Sources */ = {isa = PBXBuildFile; fileRef = 58CB2D0722E7B95B0064B95D /* UIView+Extension.swift */; };
		58CB2D0C22E7BE030064B95D /* TaskService.swift in Sources */ = {isa = PBXBuildFile; fileRef = 58CB2D0B22E7BE030064B95D /* TaskService.swift */; };
		58CB2D0F22E7BFC00064B95D /* TaskRepository.swift in Sources */ = {isa = PBXBuildFile; fileRef = 58CB2D0E22E7BFC00064B95D /* TaskRepository.swift */; };
		58CB2D1222E7C0E30064B95D /* List.swift in Sources */ = {isa = PBXBuildFile; fileRef = 58CB2D1122E7C0E30064B95D /* List.swift */; };
		58CB2D1622E7C62B0064B95D /* HomePresenter.swift in Sources */ = {isa = PBXBuildFile; fileRef = 58CB2D1522E7C62B0064B95D /* HomePresenter.swift */; };
		58CB2D1822E7C69E0064B95D /* HomePresenterRouter.swift in Sources */ = {isa = PBXBuildFile; fileRef = 58CB2D1722E7C69E0064B95D /* HomePresenterRouter.swift */; };
		58CB2D1A22E7C7150064B95D /* HomePresenterView.swift in Sources */ = {isa = PBXBuildFile; fileRef = 58CB2D1922E7C7150064B95D /* HomePresenterView.swift */; };
		58CB2D1C22E7C75E0064B95D /* SwinjectStoryboard+Extension.swift in Sources */ = {isa = PBXBuildFile; fileRef = 58CB2D1B22E7C75E0064B95D /* SwinjectStoryboard+Extension.swift */; };
		58CB2D1F22E7CAC70064B95D /* ARMessageView.swift in Sources */ = {isa = PBXBuildFile; fileRef = 58CB2D1E22E7CAC70064B95D /* ARMessageView.swift */; };
		58CB2D2222E7CF3A0064B95D /* Main.storyboard in Resources */ = {isa = PBXBuildFile; fileRef = 58CB2D2122E7CF3A0064B95D /* Main.storyboard */; };
		58CB2D2422E7CF490064B95D /* MainController.swift in Sources */ = {isa = PBXBuildFile; fileRef = 58CB2D2322E7CF490064B95D /* MainController.swift */; };
		58CB2D2722E7D2000064B95D /* UIImageViewX.swift in Sources */ = {isa = PBXBuildFile; fileRef = 58CB2D2622E7D2000064B95D /* UIImageViewX.swift */; };
		58CB2D2922E7D21B0064B95D /* UITintedImageView.swift in Sources */ = {isa = PBXBuildFile; fileRef = 58CB2D2822E7D21B0064B95D /* UITintedImageView.swift */; };
		58CB2D2E22E7D40B0064B95D /* CommentCell.swift in Sources */ = {isa = PBXBuildFile; fileRef = 58CB2D2C22E7D40B0064B95D /* CommentCell.swift */; };
		58CB2D2F22E7D40B0064B95D /* CommentCell.xib in Resources */ = {isa = PBXBuildFile; fileRef = 58CB2D2D22E7D40B0064B95D /* CommentCell.xib */; };
		58CB2D3122E7D9460064B95D /* UIScrollView+Extension.swift in Sources */ = {isa = PBXBuildFile; fileRef = 58CB2D3022E7D9460064B95D /* UIScrollView+Extension.swift */; };
		58CB2D3322E7D9790064B95D /* UIViewController+Extension.swift in Sources */ = {isa = PBXBuildFile; fileRef = 58CB2D3222E7D9790064B95D /* UIViewController+Extension.swift */; };
		58CB2D3622E7D9F60064B95D /* TitleView.xib in Resources */ = {isa = PBXBuildFile; fileRef = 58CB2D3522E7D9F60064B95D /* TitleView.xib */; };
		58CB2D3822E7DACC0064B95D /* TitleView.swift in Sources */ = {isa = PBXBuildFile; fileRef = 58CB2D3722E7DACC0064B95D /* TitleView.swift */; };
		58CB2D3B22E7E2E40064B95D /* MainPresenter.swift in Sources */ = {isa = PBXBuildFile; fileRef = 58CB2D3A22E7E2E40064B95D /* MainPresenter.swift */; };
		58CB2D3D22E7E2F40064B95D /* MainPresenterRouter.swift in Sources */ = {isa = PBXBuildFile; fileRef = 58CB2D3C22E7E2F40064B95D /* MainPresenterRouter.swift */; };
		58CB2D3F22E7E3070064B95D /* MainPresenterView.swift in Sources */ = {isa = PBXBuildFile; fileRef = 58CB2D3E22E7E3070064B95D /* MainPresenterView.swift */; };
		58CB2D4122E7E45B0064B95D /* Assignment.swift in Sources */ = {isa = PBXBuildFile; fileRef = 58CB2D4022E7E45B0064B95D /* Assignment.swift */; };
		58CB2D4322E7E50C0064B95D /* Comment.swift in Sources */ = {isa = PBXBuildFile; fileRef = 58CB2D4222E7E50C0064B95D /* Comment.swift */; };
		58CB2D4522E7EFDE0064B95D /* CommentCellPresenterView.swift in Sources */ = {isa = PBXBuildFile; fileRef = 58CB2D4422E7EFDE0064B95D /* CommentCellPresenterView.swift */; };
		58CB2D4722E7F3DD0064B95D /* String+Extension.swift in Sources */ = {isa = PBXBuildFile; fileRef = 58CB2D4622E7F3DD0064B95D /* String+Extension.swift */; };
		58CB2D4A22E7FA260064B95D /* Services.storyboard in Resources */ = {isa = PBXBuildFile; fileRef = 58CB2D4922E7FA260064B95D /* Services.storyboard */; };
/* End PBXBuildFile section */

/* Begin PBXFileReference section */
		0ED9F50556F9E31743CE75E7 /* Pods-4all.debug.xcconfig */ = {isa = PBXFileReference; includeInIndex = 1; lastKnownFileType = text.xcconfig; name = "Pods-4all.debug.xcconfig"; path = "Target Support Files/Pods-4all/Pods-4all.debug.xcconfig"; sourceTree = "<group>"; };
		2D6D069E08093420384317D5 /* Pods_4all.framework */ = {isa = PBXFileReference; explicitFileType = wrapper.framework; includeInIndex = 0; path = Pods_4all.framework; sourceTree = BUILT_PRODUCTS_DIR; };
		5822364422E65CFA007F3F5B /* 4all.app */ = {isa = PBXFileReference; explicitFileType = wrapper.application; includeInIndex = 0; path = 4all.app; sourceTree = BUILT_PRODUCTS_DIR; };
		5822364722E65CFA007F3F5B /* AppDelegate.swift */ = {isa = PBXFileReference; lastKnownFileType = sourcecode.swift; path = AppDelegate.swift; sourceTree = "<group>"; };
		5822364E22E65CFD007F3F5B /* Assets.xcassets */ = {isa = PBXFileReference; lastKnownFileType = folder.assetcatalog; path = Assets.xcassets; sourceTree = "<group>"; };
		5822365122E65CFD007F3F5B /* Base */ = {isa = PBXFileReference; lastKnownFileType = file.storyboard; name = Base; path = Base.lproj/LaunchScreen.storyboard; sourceTree = "<group>"; };
		5822365322E65CFD007F3F5B /* Info.plist */ = {isa = PBXFileReference; lastKnownFileType = text.plist.xml; path = Info.plist; sourceTree = "<group>"; };
		582C06AD22E8801C0027E098 /* NavigationItem+Extension.swift */ = {isa = PBXFileReference; lastKnownFileType = sourcecode.swift; path = "NavigationItem+Extension.swift"; sourceTree = "<group>"; };
		582C06AF22E880740027E098 /* MKMapView+Extension.swift */ = {isa = PBXFileReference; lastKnownFileType = sourcecode.swift; path = "MKMapView+Extension.swift"; sourceTree = "<group>"; };
		58CB2CF622E7B45B0064B95D /* Home.storyboard */ = {isa = PBXFileReference; lastKnownFileType = file.storyboard; path = Home.storyboard; sourceTree = "<group>"; };
		58CB2CF922E7B4B40064B95D /* HomeController.swift */ = {isa = PBXFileReference; lastKnownFileType = sourcecode.swift; path = HomeController.swift; sourceTree = "<group>"; };
		58CB2D0222E7B8DA0064B95D /* LoadingViewOverlay.xib */ = {isa = PBXFileReference; fileEncoding = 4; lastKnownFileType = file.xib; path = LoadingViewOverlay.xib; sourceTree = "<group>"; };
		58CB2D0322E7B8DA0064B95D /* LoadingViewOverlay.swift */ = {isa = PBXFileReference; fileEncoding = 4; lastKnownFileType = sourcecode.swift; path = LoadingViewOverlay.swift; sourceTree = "<group>"; };
		58CB2D0722E7B95B0064B95D /* UIView+Extension.swift */ = {isa = PBXFileReference; lastKnownFileType = sourcecode.swift; path = "UIView+Extension.swift"; sourceTree = "<group>"; };
		58CB2D0B22E7BE030064B95D /* TaskService.swift */ = {isa = PBXFileReference; lastKnownFileType = sourcecode.swift; path = TaskService.swift; sourceTree = "<group>"; };
		58CB2D0E22E7BFC00064B95D /* TaskRepository.swift */ = {isa = PBXFileReference; lastKnownFileType = sourcecode.swift; path = TaskRepository.swift; sourceTree = "<group>"; };
		58CB2D1122E7C0E30064B95D /* List.swift */ = {isa = PBXFileReference; lastKnownFileType = sourcecode.swift; path = List.swift; sourceTree = "<group>"; };
		58CB2D1522E7C62B0064B95D /* HomePresenter.swift */ = {isa = PBXFileReference; lastKnownFileType = sourcecode.swift; path = HomePresenter.swift; sourceTree = "<group>"; };
		58CB2D1722E7C69E0064B95D /* HomePresenterRouter.swift */ = {isa = PBXFileReference; lastKnownFileType = sourcecode.swift; path = HomePresenterRouter.swift; sourceTree = "<group>"; };
		58CB2D1922E7C7150064B95D /* HomePresenterView.swift */ = {isa = PBXFileReference; lastKnownFileType = sourcecode.swift; path = HomePresenterView.swift; sourceTree = "<group>"; };
		58CB2D1B22E7C75E0064B95D /* SwinjectStoryboard+Extension.swift */ = {isa = PBXFileReference; lastKnownFileType = sourcecode.swift; path = "SwinjectStoryboard+Extension.swift"; sourceTree = "<group>"; };
		58CB2D1E22E7CAC70064B95D /* ARMessageView.swift */ = {isa = PBXFileReference; lastKnownFileType = sourcecode.swift; path = ARMessageView.swift; sourceTree = "<group>"; };
		58CB2D2122E7CF3A0064B95D /* Main.storyboard */ = {isa = PBXFileReference; lastKnownFileType = file.storyboard; path = Main.storyboard; sourceTree = "<group>"; };
		58CB2D2322E7CF490064B95D /* MainController.swift */ = {isa = PBXFileReference; lastKnownFileType = sourcecode.swift; path = MainController.swift; sourceTree = "<group>"; };
		58CB2D2622E7D2000064B95D /* UIImageViewX.swift */ = {isa = PBXFileReference; lastKnownFileType = sourcecode.swift; path = UIImageViewX.swift; sourceTree = "<group>"; };
		58CB2D2822E7D21B0064B95D /* UITintedImageView.swift */ = {isa = PBXFileReference; lastKnownFileType = sourcecode.swift; path = UITintedImageView.swift; sourceTree = "<group>"; };
		58CB2D2C22E7D40B0064B95D /* CommentCell.swift */ = {isa = PBXFileReference; lastKnownFileType = sourcecode.swift; path = CommentCell.swift; sourceTree = "<group>"; };
		58CB2D2D22E7D40B0064B95D /* CommentCell.xib */ = {isa = PBXFileReference; lastKnownFileType = file.xib; path = CommentCell.xib; sourceTree = "<group>"; };
		58CB2D3022E7D9460064B95D /* UIScrollView+Extension.swift */ = {isa = PBXFileReference; lastKnownFileType = sourcecode.swift; path = "UIScrollView+Extension.swift"; sourceTree = "<group>"; };
		58CB2D3222E7D9790064B95D /* UIViewController+Extension.swift */ = {isa = PBXFileReference; lastKnownFileType = sourcecode.swift; path = "UIViewController+Extension.swift"; sourceTree = "<group>"; };
		58CB2D3522E7D9F60064B95D /* TitleView.xib */ = {isa = PBXFileReference; lastKnownFileType = file.xib; path = TitleView.xib; sourceTree = "<group>"; };
		58CB2D3722E7DACC0064B95D /* TitleView.swift */ = {isa = PBXFileReference; lastKnownFileType = sourcecode.swift; path = TitleView.swift; sourceTree = "<group>"; };
		58CB2D3A22E7E2E40064B95D /* MainPresenter.swift */ = {isa = PBXFileReference; lastKnownFileType = sourcecode.swift; path = MainPresenter.swift; sourceTree = "<group>"; };
		58CB2D3C22E7E2F40064B95D /* MainPresenterRouter.swift */ = {isa = PBXFileReference; lastKnownFileType = sourcecode.swift; path = MainPresenterRouter.swift; sourceTree = "<group>"; };
		58CB2D3E22E7E3070064B95D /* MainPresenterView.swift */ = {isa = PBXFileReference; lastKnownFileType = sourcecode.swift; path = MainPresenterView.swift; sourceTree = "<group>"; };
		58CB2D4022E7E45B0064B95D /* Assignment.swift */ = {isa = PBXFileReference; lastKnownFileType = sourcecode.swift; path = Assignment.swift; sourceTree = "<group>"; };
		58CB2D4222E7E50C0064B95D /* Comment.swift */ = {isa = PBXFileReference; lastKnownFileType = sourcecode.swift; path = Comment.swift; sourceTree = "<group>"; };
		58CB2D4422E7EFDE0064B95D /* CommentCellPresenterView.swift */ = {isa = PBXFileReference; lastKnownFileType = sourcecode.swift; path = CommentCellPresenterView.swift; sourceTree = "<group>"; };
		58CB2D4622E7F3DD0064B95D /* String+Extension.swift */ = {isa = PBXFileReference; lastKnownFileType = sourcecode.swift; path = "String+Extension.swift"; sourceTree = "<group>"; };
		58CB2D4922E7FA260064B95D /* Services.storyboard */ = {isa = PBXFileReference; lastKnownFileType = file.storyboard; path = Services.storyboard; sourceTree = "<group>"; };
		81E1460D2FB2B5D4CC8981B4 /* Pods-4all.release.xcconfig */ = {isa = PBXFileReference; includeInIndex = 1; lastKnownFileType = text.xcconfig; name = "Pods-4all.release.xcconfig"; path = "Target Support Files/Pods-4all/Pods-4all.release.xcconfig"; sourceTree = "<group>"; };
/* End PBXFileReference section */

/* Begin PBXFrameworksBuildPhase section */
		5822364122E65CFA007F3F5B /* Frameworks */ = {
			isa = PBXFrameworksBuildPhase;
			buildActionMask = 2147483647;
			files = (
				502872F8519633B4F4463A0A /* Pods_4all.framework in Frameworks */,
			);
			runOnlyForDeploymentPostprocessing = 0;
		};
/* End PBXFrameworksBuildPhase section */

/* Begin PBXGroup section */
		5822363B22E65CFA007F3F5B = {
			isa = PBXGroup;
			children = (
				5822364622E65CFA007F3F5B /* 4all */,
				5822364522E65CFA007F3F5B /* Products */,
				9BF01DC9FF932D98B4BDA394 /* Pods */,
				E051596DE162BF464C717020 /* Frameworks */,
			);
			sourceTree = "<group>";
		};
		5822364522E65CFA007F3F5B /* Products */ = {
			isa = PBXGroup;
			children = (
				5822364422E65CFA007F3F5B /* 4all.app */,
			);
			name = Products;
			sourceTree = "<group>";
		};
		5822364622E65CFA007F3F5B /* 4all */ = {
			isa = PBXGroup;
			children = (
				58CB2D0922E7BDCF0064B95D /* DataSource */,
				58CB2CFB22E7B88E0064B95D /* Common */,
				58CB2CF422E7B43D0064B95D /* Scenes */,
				5822364722E65CFA007F3F5B /* AppDelegate.swift */,
				5822364E22E65CFD007F3F5B /* Assets.xcassets */,
				5822365022E65CFD007F3F5B /* LaunchScreen.storyboard */,
				5822365322E65CFD007F3F5B /* Info.plist */,
			);
			path = 4all;
			sourceTree = "<group>";
		};
		58CB2CF422E7B43D0064B95D /* Scenes */ = {
			isa = PBXGroup;
			children = (
				58CB2D4822E7FA160064B95D /* Services */,
				58CB2D2022E7CF2B0064B95D /* Main */,
				58CB2CF522E7B44A0064B95D /* Home */,
			);
			path = Scenes;
			sourceTree = "<group>";
		};
		58CB2CF522E7B44A0064B95D /* Home */ = {
			isa = PBXGroup;
			children = (
				58CB2D1422E7C61C0064B95D /* Presenter */,
				58CB2D1322E7C6110064B95D /* View */,
			);
			path = Home;
			sourceTree = "<group>";
		};
		58CB2CFB22E7B88E0064B95D /* Common */ = {
			isa = PBXGroup;
			children = (
				58CB2D0622E7B9500064B95D /* Extensions */,
				58CB2CFC22E7B8990064B95D /* Views */,
			);
			path = Common;
			sourceTree = "<group>";
		};
		58CB2CFC22E7B8990064B95D /* Views */ = {
			isa = PBXGroup;
			children = (
				58CB2D3422E7D9E10064B95D /* TitleView */,
				58CB2D2522E7D1F00064B95D /* Designables */,
				58CB2D1D22E7CABB0064B95D /* ARMessageView */,
				58CB2D0122E7B8DA0064B95D /* Loading */,
			);
			path = Views;
			sourceTree = "<group>";
		};
		58CB2D0122E7B8DA0064B95D /* Loading */ = {
			isa = PBXGroup;
			children = (
				58CB2D0222E7B8DA0064B95D /* LoadingViewOverlay.xib */,
				58CB2D0322E7B8DA0064B95D /* LoadingViewOverlay.swift */,
			);
			path = Loading;
			sourceTree = "<group>";
		};
		58CB2D0622E7B9500064B95D /* Extensions */ = {
			isa = PBXGroup;
			children = (
				58CB2D0722E7B95B0064B95D /* UIView+Extension.swift */,
				58CB2D1B22E7C75E0064B95D /* SwinjectStoryboard+Extension.swift */,
				58CB2D3022E7D9460064B95D /* UIScrollView+Extension.swift */,
				58CB2D3222E7D9790064B95D /* UIViewController+Extension.swift */,
				58CB2D4622E7F3DD0064B95D /* String+Extension.swift */,
				582C06AD22E8801C0027E098 /* NavigationItem+Extension.swift */,
				582C06AF22E880740027E098 /* MKMapView+Extension.swift */,
			);
			path = Extensions;
			sourceTree = "<group>";
		};
		58CB2D0922E7BDCF0064B95D /* DataSource */ = {
			isa = PBXGroup;
			children = (
				58CB2D1022E7C0D90064B95D /* Models */,
				58CB2D0D22E7BFAD0064B95D /* Repositories */,
				58CB2D0A22E7BDE20064B95D /* Services */,
			);
			path = DataSource;
			sourceTree = "<group>";
		};
		58CB2D0A22E7BDE20064B95D /* Services */ = {
			isa = PBXGroup;
			children = (
				58CB2D0B22E7BE030064B95D /* TaskService.swift */,
			);
			path = Services;
			sourceTree = "<group>";
		};
		58CB2D0D22E7BFAD0064B95D /* Repositories */ = {
			isa = PBXGroup;
			children = (
				58CB2D0E22E7BFC00064B95D /* TaskRepository.swift */,
			);
			path = Repositories;
			sourceTree = "<group>";
		};
		58CB2D1022E7C0D90064B95D /* Models */ = {
			isa = PBXGroup;
			children = (
				58CB2D1122E7C0E30064B95D /* List.swift */,
				58CB2D4022E7E45B0064B95D /* Assignment.swift */,
				58CB2D4222E7E50C0064B95D /* Comment.swift */,
			);
			path = Models;
			sourceTree = "<group>";
		};
		58CB2D1322E7C6110064B95D /* View */ = {
			isa = PBXGroup;
			children = (
				58CB2CF622E7B45B0064B95D /* Home.storyboard */,
				58CB2CF922E7B4B40064B95D /* HomeController.swift */,
				58CB2D1922E7C7150064B95D /* HomePresenterView.swift */,
			);
			path = View;
			sourceTree = "<group>";
		};
		58CB2D1422E7C61C0064B95D /* Presenter */ = {
			isa = PBXGroup;
			children = (
				58CB2D1522E7C62B0064B95D /* HomePresenter.swift */,
				58CB2D1722E7C69E0064B95D /* HomePresenterRouter.swift */,
			);
			path = Presenter;
			sourceTree = "<group>";
		};
		58CB2D1D22E7CABB0064B95D /* ARMessageView */ = {
			isa = PBXGroup;
			children = (
				58CB2D1E22E7CAC70064B95D /* ARMessageView.swift */,
			);
			path = ARMessageView;
			sourceTree = "<group>";
		};
		58CB2D2022E7CF2B0064B95D /* Main */ = {
			isa = PBXGroup;
			children = (
				58CB2D3922E7E2CA0064B95D /* Presenter */,
				58CB2D2A22E7D3380064B95D /* View */,
			);
			path = Main;
			sourceTree = "<group>";
		};
		58CB2D2522E7D1F00064B95D /* Designables */ = {
			isa = PBXGroup;
			children = (
				58CB2D2622E7D2000064B95D /* UIImageViewX.swift */,
				58CB2D2822E7D21B0064B95D /* UITintedImageView.swift */,
			);
			path = Designables;
			sourceTree = "<group>";
		};
		58CB2D2A22E7D3380064B95D /* View */ = {
			isa = PBXGroup;
			children = (
				58CB2D2B22E7D3DF0064B95D /* CommentCell */,
				58CB2D2122E7CF3A0064B95D /* Main.storyboard */,
				58CB2D2322E7CF490064B95D /* MainController.swift */,
				58CB2D3E22E7E3070064B95D /* MainPresenterView.swift */,
			);
			path = View;
			sourceTree = "<group>";
		};
		58CB2D2B22E7D3DF0064B95D /* CommentCell */ = {
			isa = PBXGroup;
			children = (
				58CB2D2C22E7D40B0064B95D /* CommentCell.swift */,
				58CB2D2D22E7D40B0064B95D /* CommentCell.xib */,
				58CB2D4422E7EFDE0064B95D /* CommentCellPresenterView.swift */,
			);
			path = CommentCell;
			sourceTree = "<group>";
		};
		58CB2D3422E7D9E10064B95D /* TitleView */ = {
			isa = PBXGroup;
			children = (
				58CB2D3522E7D9F60064B95D /* TitleView.xib */,
				58CB2D3722E7DACC0064B95D /* TitleView.swift */,
			);
			path = TitleView;
			sourceTree = "<group>";
		};
		58CB2D3922E7E2CA0064B95D /* Presenter */ = {
			isa = PBXGroup;
			children = (
				58CB2D3A22E7E2E40064B95D /* MainPresenter.swift */,
				58CB2D3C22E7E2F40064B95D /* MainPresenterRouter.swift */,
			);
			path = Presenter;
			sourceTree = "<group>";
		};
		58CB2D4822E7FA160064B95D /* Services */ = {
			isa = PBXGroup;
			children = (
				58CB2D4B22E7FB420064B95D /* View */,
			);
			path = Services;
			sourceTree = "<group>";
		};
		58CB2D4B22E7FB420064B95D /* View */ = {
			isa = PBXGroup;
			children = (
				58CB2D4922E7FA260064B95D /* Services.storyboard */,
			);
			path = View;
			sourceTree = "<group>";
		};
		9BF01DC9FF932D98B4BDA394 /* Pods */ = {
			isa = PBXGroup;
			children = (
				0ED9F50556F9E31743CE75E7 /* Pods-4all.debug.xcconfig */,
				81E1460D2FB2B5D4CC8981B4 /* Pods-4all.release.xcconfig */,
			);
			path = Pods;
			sourceTree = "<group>";
		};
		E051596DE162BF464C717020 /* Frameworks */ = {
			isa = PBXGroup;
			children = (
				2D6D069E08093420384317D5 /* Pods_4all.framework */,
			);
			name = Frameworks;
			sourceTree = "<group>";
		};
/* End PBXGroup section */

/* Begin PBXNativeTarget section */
		5822364322E65CFA007F3F5B /* 4all */ = {
			isa = PBXNativeTarget;
			buildConfigurationList = 5822365622E65CFD007F3F5B /* Build configuration list for PBXNativeTarget "4all" */;
			buildPhases = (
				D707E776D58E704FA5C601A8 /* [CP] Check Pods Manifest.lock */,
				5822364022E65CFA007F3F5B /* Sources */,
				5822364122E65CFA007F3F5B /* Frameworks */,
				5822364222E65CFA007F3F5B /* Resources */,
				B66B25598211A5C867B25A9A /* [CP] Embed Pods Frameworks */,
			);
			buildRules = (
			);
			dependencies = (
			);
			name = 4all;
			productName = 4all;
			productReference = 5822364422E65CFA007F3F5B /* 4all.app */;
			productType = "com.apple.product-type.application";
		};
/* End PBXNativeTarget section */

/* Begin PBXProject section */
		5822363C22E65CFA007F3F5B /* Project object */ = {
			isa = PBXProject;
			attributes = {
				LastSwiftUpdateCheck = 1020;
				LastUpgradeCheck = 1020;
				ORGANIZATIONNAME = "Arthur Rocha";
				TargetAttributes = {
					5822364322E65CFA007F3F5B = {
						CreatedOnToolsVersion = 10.2.1;
					};
				};
			};
			buildConfigurationList = 5822363F22E65CFA007F3F5B /* Build configuration list for PBXProject "4all" */;
			compatibilityVersion = "Xcode 9.3";
			developmentRegion = en;
			hasScannedForEncodings = 0;
			knownRegions = (
				en,
				Base,
			);
			mainGroup = 5822363B22E65CFA007F3F5B;
			productRefGroup = 5822364522E65CFA007F3F5B /* Products */;
			projectDirPath = "";
			projectRoot = "";
			targets = (
				5822364322E65CFA007F3F5B /* 4all */,
			);
		};
/* End PBXProject section */

/* Begin PBXResourcesBuildPhase section */
		5822364222E65CFA007F3F5B /* Resources */ = {
			isa = PBXResourcesBuildPhase;
			buildActionMask = 2147483647;
			files = (
				5822365222E65CFD007F3F5B /* LaunchScreen.storyboard in Resources */,
				58CB2D3622E7D9F60064B95D /* TitleView.xib in Resources */,
				58CB2D2222E7CF3A0064B95D /* Main.storyboard in Resources */,
				5822364F22E65CFD007F3F5B /* Assets.xcassets in Resources */,
				58CB2D2F22E7D40B0064B95D /* CommentCell.xib in Resources */,
				58CB2D0422E7B8DA0064B95D /* LoadingViewOverlay.xib in Resources */,
				58CB2D4A22E7FA260064B95D /* Services.storyboard in Resources */,
				58CB2CF722E7B45B0064B95D /* Home.storyboard in Resources */,
			);
			runOnlyForDeploymentPostprocessing = 0;
		};
/* End PBXResourcesBuildPhase section */

/* Begin PBXShellScriptBuildPhase section */
		B66B25598211A5C867B25A9A /* [CP] Embed Pods Frameworks */ = {
			isa = PBXShellScriptBuildPhase;
			buildActionMask = 2147483647;
			files = (
			);
			inputFileListPaths = (
				"${PODS_ROOT}/Target Support Files/Pods-4all/Pods-4all-frameworks-${CONFIGURATION}-input-files.xcfilelist",
			);
			name = "[CP] Embed Pods Frameworks";
			outputFileListPaths = (
				"${PODS_ROOT}/Target Support Files/Pods-4all/Pods-4all-frameworks-${CONFIGURATION}-output-files.xcfilelist",
			);
			runOnlyForDeploymentPostprocessing = 0;
			shellPath = /bin/sh;
			shellScript = "\"${PODS_ROOT}/Target Support Files/Pods-4all/Pods-4all-frameworks.sh\"\n";
			showEnvVarsInLog = 0;
		};
		D707E776D58E704FA5C601A8 /* [CP] Check Pods Manifest.lock */ = {
			isa = PBXShellScriptBuildPhase;
			buildActionMask = 2147483647;
			files = (
			);
			inputFileListPaths = (
			);
			inputPaths = (
				"${PODS_PODFILE_DIR_PATH}/Podfile.lock",
				"${PODS_ROOT}/Manifest.lock",
			);
			name = "[CP] Check Pods Manifest.lock";
			outputFileListPaths = (
			);
			outputPaths = (
				"$(DERIVED_FILE_DIR)/Pods-4all-checkManifestLockResult.txt",
			);
			runOnlyForDeploymentPostprocessing = 0;
			shellPath = /bin/sh;
			shellScript = "diff \"${PODS_PODFILE_DIR_PATH}/Podfile.lock\" \"${PODS_ROOT}/Manifest.lock\" > /dev/null\nif [ $? != 0 ] ; then\n    # print error to STDERR\n    echo \"error: The sandbox is not in sync with the Podfile.lock. Run 'pod install' or update your CocoaPods installation.\" >&2\n    exit 1\nfi\n# This output is used by Xcode 'outputs' to avoid re-running this script phase.\necho \"SUCCESS\" > \"${SCRIPT_OUTPUT_FILE_0}\"\n";
			showEnvVarsInLog = 0;
		};
/* End PBXShellScriptBuildPhase section */

/* Begin PBXSourcesBuildPhase section */
		5822364022E65CFA007F3F5B /* Sources */ = {
			isa = PBXSourcesBuildPhase;
			buildActionMask = 2147483647;
			files = (
				582C06AE22E8801C0027E098 /* NavigationItem+Extension.swift in Sources */,
				58CB2D3322E7D9790064B95D /* UIViewController+Extension.swift in Sources */,
				58CB2D0F22E7BFC00064B95D /* TaskRepository.swift in Sources */,
				58CB2D3D22E7E2F40064B95D /* MainPresenterRouter.swift in Sources */,
				58CB2D1C22E7C75E0064B95D /* SwinjectStoryboard+Extension.swift in Sources */,
				58CB2D2922E7D21B0064B95D /* UITintedImageView.swift in Sources */,
				58CB2D0C22E7BE030064B95D /* TaskService.swift in Sources */,
				58CB2D4722E7F3DD0064B95D /* String+Extension.swift in Sources */,
				58CB2D1A22E7C7150064B95D /* HomePresenterView.swift in Sources */,
				5822364822E65CFA007F3F5B /* AppDelegate.swift in Sources */,
				58CB2D0522E7B8DA0064B95D /* LoadingViewOverlay.swift in Sources */,
				58CB2D1822E7C69E0064B95D /* HomePresenterRouter.swift in Sources */,
				58CB2D0822E7B95B0064B95D /* UIView+Extension.swift in Sources */,
				582C06B022E880740027E098 /* MKMapView+Extension.swift in Sources */,
				58CB2D1222E7C0E30064B95D /* List.swift in Sources */,
				58CB2D3122E7D9460064B95D /* UIScrollView+Extension.swift in Sources */,
				58CB2D1F22E7CAC70064B95D /* ARMessageView.swift in Sources */,
				58CB2CFA22E7B4B40064B95D /* HomeController.swift in Sources */,
				58CB2D3822E7DACC0064B95D /* TitleView.swift in Sources */,
				58CB2D3F22E7E3070064B95D /* MainPresenterView.swift in Sources */,
				58CB2D3B22E7E2E40064B95D /* MainPresenter.swift in Sources */,
				58CB2D2722E7D2000064B95D /* UIImageViewX.swift in Sources */,
				58CB2D4322E7E50C0064B95D /* Comment.swift in Sources */,
				58CB2D4522E7EFDE0064B95D /* CommentCellPresenterView.swift in Sources */,
				58CB2D2422E7CF490064B95D /* MainController.swift in Sources */,
				58CB2D4122E7E45B0064B95D /* Assignment.swift in Sources */,
				58CB2D1622E7C62B0064B95D /* HomePresenter.swift in Sources */,
				58CB2D2E22E7D40B0064B95D /* CommentCell.swift in Sources */,
			);
			runOnlyForDeploymentPostprocessing = 0;
		};
/* End PBXSourcesBuildPhase section */

/* Begin PBXVariantGroup section */
		5822365022E65CFD007F3F5B /* LaunchScreen.storyboard */ = {
			isa = PBXVariantGroup;
			children = (
				5822365122E65CFD007F3F5B /* Base */,
			);
			name = LaunchScreen.storyboard;
			sourceTree = "<group>";
		};
/* End PBXVariantGroup section */

/* Begin XCBuildConfiguration section */
		5822365422E65CFD007F3F5B /* Debug */ = {
			isa = XCBuildConfiguration;
			buildSettings = {
				ALWAYS_SEARCH_USER_PATHS = NO;
				CLANG_ANALYZER_NONNULL = YES;
				CLANG_ANALYZER_NUMBER_OBJECT_CONVERSION = YES_AGGRESSIVE;
				CLANG_CXX_LANGUAGE_STANDARD = "gnu++14";
				CLANG_CXX_LIBRARY = "libc++";
				CLANG_ENABLE_MODULES = YES;
				CLANG_ENABLE_OBJC_ARC = YES;
				CLANG_ENABLE_OBJC_WEAK = YES;
				CLANG_WARN_BLOCK_CAPTURE_AUTORELEASING = YES;
				CLANG_WARN_BOOL_CONVERSION = YES;
				CLANG_WARN_COMMA = YES;
				CLANG_WARN_CONSTANT_CONVERSION = YES;
				CLANG_WARN_DEPRECATED_OBJC_IMPLEMENTATIONS = YES;
				CLANG_WARN_DIRECT_OBJC_ISA_USAGE = YES_ERROR;
				CLANG_WARN_DOCUMENTATION_COMMENTS = YES;
				CLANG_WARN_EMPTY_BODY = YES;
				CLANG_WARN_ENUM_CONVERSION = YES;
				CLANG_WARN_INFINITE_RECURSION = YES;
				CLANG_WARN_INT_CONVERSION = YES;
				CLANG_WARN_NON_LITERAL_NULL_CONVERSION = YES;
				CLANG_WARN_OBJC_IMPLICIT_RETAIN_SELF = YES;
				CLANG_WARN_OBJC_LITERAL_CONVERSION = YES;
				CLANG_WARN_OBJC_ROOT_CLASS = YES_ERROR;
				CLANG_WARN_RANGE_LOOP_ANALYSIS = YES;
				CLANG_WARN_STRICT_PROTOTYPES = YES;
				CLANG_WARN_SUSPICIOUS_MOVE = YES;
				CLANG_WARN_UNGUARDED_AVAILABILITY = YES_AGGRESSIVE;
				CLANG_WARN_UNREACHABLE_CODE = YES;
				CLANG_WARN__DUPLICATE_METHOD_MATCH = YES;
				CODE_SIGN_IDENTITY = "iPhone Developer";
				COPY_PHASE_STRIP = NO;
				DEBUG_INFORMATION_FORMAT = dwarf;
				ENABLE_STRICT_OBJC_MSGSEND = YES;
				ENABLE_TESTABILITY = YES;
				GCC_C_LANGUAGE_STANDARD = gnu11;
				GCC_DYNAMIC_NO_PIC = NO;
				GCC_NO_COMMON_BLOCKS = YES;
				GCC_OPTIMIZATION_LEVEL = 0;
				GCC_PREPROCESSOR_DEFINITIONS = (
					"DEBUG=1",
					"$(inherited)",
				);
				GCC_WARN_64_TO_32_BIT_CONVERSION = YES;
				GCC_WARN_ABOUT_RETURN_TYPE = YES_ERROR;
				GCC_WARN_UNDECLARED_SELECTOR = YES;
				GCC_WARN_UNINITIALIZED_AUTOS = YES_AGGRESSIVE;
				GCC_WARN_UNUSED_FUNCTION = YES;
				GCC_WARN_UNUSED_VARIABLE = YES;
				IPHONEOS_DEPLOYMENT_TARGET = 12.2;
				MTL_ENABLE_DEBUG_INFO = INCLUDE_SOURCE;
				MTL_FAST_MATH = YES;
				ONLY_ACTIVE_ARCH = YES;
				SDKROOT = iphoneos;
				SWIFT_ACTIVE_COMPILATION_CONDITIONS = DEBUG;
				SWIFT_OPTIMIZATION_LEVEL = "-Onone";
			};
			name = Debug;
		};
		5822365522E65CFD007F3F5B /* Release */ = {
			isa = XCBuildConfiguration;
			buildSettings = {
				ALWAYS_SEARCH_USER_PATHS = NO;
				CLANG_ANALYZER_NONNULL = YES;
				CLANG_ANALYZER_NUMBER_OBJECT_CONVERSION = YES_AGGRESSIVE;
				CLANG_CXX_LANGUAGE_STANDARD = "gnu++14";
				CLANG_CXX_LIBRARY = "libc++";
				CLANG_ENABLE_MODULES = YES;
				CLANG_ENABLE_OBJC_ARC = YES;
				CLANG_ENABLE_OBJC_WEAK = YES;
				CLANG_WARN_BLOCK_CAPTURE_AUTORELEASING = YES;
				CLANG_WARN_BOOL_CONVERSION = YES;
				CLANG_WARN_COMMA = YES;
				CLANG_WARN_CONSTANT_CONVERSION = YES;
				CLANG_WARN_DEPRECATED_OBJC_IMPLEMENTATIONS = YES;
				CLANG_WARN_DIRECT_OBJC_ISA_USAGE = YES_ERROR;
				CLANG_WARN_DOCUMENTATION_COMMENTS = YES;
				CLANG_WARN_EMPTY_BODY = YES;
				CLANG_WARN_ENUM_CONVERSION = YES;
				CLANG_WARN_INFINITE_RECURSION = YES;
				CLANG_WARN_INT_CONVERSION = YES;
				CLANG_WARN_NON_LITERAL_NULL_CONVERSION = YES;
				CLANG_WARN_OBJC_IMPLICIT_RETAIN_SELF = YES;
				CLANG_WARN_OBJC_LITERAL_CONVERSION = YES;
				CLANG_WARN_OBJC_ROOT_CLASS = YES_ERROR;
				CLANG_WARN_RANGE_LOOP_ANALYSIS = YES;
				CLANG_WARN_STRICT_PROTOTYPES = YES;
				CLANG_WARN_SUSPICIOUS_MOVE = YES;
				CLANG_WARN_UNGUARDED_AVAILABILITY = YES_AGGRESSIVE;
				CLANG_WARN_UNREACHABLE_CODE = YES;
				CLANG_WARN__DUPLICATE_METHOD_MATCH = YES;
				CODE_SIGN_IDENTITY = "iPhone Developer";
				COPY_PHASE_STRIP = NO;
				DEBUG_INFORMATION_FORMAT = "dwarf-with-dsym";
				ENABLE_NS_ASSERTIONS = NO;
				ENABLE_STRICT_OBJC_MSGSEND = YES;
				GCC_C_LANGUAGE_STANDARD = gnu11;
				GCC_NO_COMMON_BLOCKS = YES;
				GCC_WARN_64_TO_32_BIT_CONVERSION = YES;
				GCC_WARN_ABOUT_RETURN_TYPE = YES_ERROR;
				GCC_WARN_UNDECLARED_SELECTOR = YES;
				GCC_WARN_UNINITIALIZED_AUTOS = YES_AGGRESSIVE;
				GCC_WARN_UNUSED_FUNCTION = YES;
				GCC_WARN_UNUSED_VARIABLE = YES;
				IPHONEOS_DEPLOYMENT_TARGET = 12.2;
				MTL_ENABLE_DEBUG_INFO = NO;
				MTL_FAST_MATH = YES;
				SDKROOT = iphoneos;
				SWIFT_COMPILATION_MODE = wholemodule;
				SWIFT_OPTIMIZATION_LEVEL = "-O";
				VALIDATE_PRODUCT = YES;
			};
			name = Release;
		};
		5822365722E65CFD007F3F5B /* Debug */ = {
			isa = XCBuildConfiguration;
			baseConfigurationReference = 0ED9F50556F9E31743CE75E7 /* Pods-4all.debug.xcconfig */;
			buildSettings = {
				ASSETCATALOG_COMPILER_APPICON_NAME = AppIcon;
				CODE_SIGN_STYLE = Automatic;
				DEVELOPMENT_TEAM = W79W37DJPU;
				INFOPLIST_FILE = 4all/Info.plist;
				LD_RUNPATH_SEARCH_PATHS = (
					"$(inherited)",
					"@executable_path/Frameworks",
				);
				PRODUCT_BUNDLE_IDENTIFIER = com.rocha.fourall;
				PRODUCT_NAME = "$(TARGET_NAME)";
				SWIFT_VERSION = 5.0;
				TARGETED_DEVICE_FAMILY = 1;
			};
			name = Debug;
		};
		5822365822E65CFD007F3F5B /* Release */ = {
			isa = XCBuildConfiguration;
			baseConfigurationReference = 81E1460D2FB2B5D4CC8981B4 /* Pods-4all.release.xcconfig */;
			buildSettings = {
				ASSETCATALOG_COMPILER_APPICON_NAME = AppIcon;
				CODE_SIGN_STYLE = Automatic;
				DEVELOPMENT_TEAM = W79W37DJPU;
				INFOPLIST_FILE = 4all/Info.plist;
				LD_RUNPATH_SEARCH_PATHS = (
					"$(inherited)",
					"@executable_path/Frameworks",
				);
				PRODUCT_BUNDLE_IDENTIFIER = com.rocha.fourall;
				PRODUCT_NAME = "$(TARGET_NAME)";
				SWIFT_VERSION = 5.0;
				TARGETED_DEVICE_FAMILY = 1;
			};
			name = Release;
		};
/* End XCBuildConfiguration section */

/* Begin XCConfigurationList section */
		5822363F22E65CFA007F3F5B /* Build configuration list for PBXProject "4all" */ = {
			isa = XCConfigurationList;
			buildConfigurations = (
				5822365422E65CFD007F3F5B /* Debug */,
				5822365522E65CFD007F3F5B /* Release */,
			);
			defaultConfigurationIsVisible = 0;
			defaultConfigurationName = Release;
		};
		5822365622E65CFD007F3F5B /* Build configuration list for PBXNativeTarget "4all" */ = {
			isa = XCConfigurationList;
			buildConfigurations = (
				5822365722E65CFD007F3F5B /* Debug */,
				5822365822E65CFD007F3F5B /* Release */,
			);
			defaultConfigurationIsVisible = 0;
			defaultConfigurationName = Release;
		};
/* End XCConfigurationList section */
	};
	rootObject = 5822363C22E65CFA007F3F5B /* Project object */;
}
